{
  "name": "gnap-core-protocol",
  "version": "1.0.0",
  "lockfileVersion": 2,
  "requires": true,
  "packages": {
    "": {
      "name": "gnap-core-protocol",
      "version": "1.0.0",
      "license": "ISC",
      "dependencies": {
        "aasvg": "^0.3.1"
      }
    },
    "node_modules/aasvg": {
      "version": "0.3.1",
      "resolved": "https://registry.npmjs.org/aasvg/-/aasvg-0.3.1.tgz",
      "integrity": "sha512-eU4vF5xfI+ebek8LXNOFfTQHTYz1UngRQ2cpJFn/Th5Vjs5vJztXBwd5DnSIsk0DucmdV+cBvNx2eW0T/Y46qQ==",
      "bin": {
        "aasvg": "main.js"
      },
      "engines": {
        "node": ">=10"
      }
    }
  },
  "dependencies": {
    "aasvg": {
      "version": "0.3.1",
      "resolved": "https://registry.npmjs.org/aasvg/-/aasvg-0.3.1.tgz",
      "integrity": "sha512-eU4vF5xfI+ebek8LXNOFfTQHTYz1UngRQ2cpJFn/Th5Vjs5vJztXBwd5DnSIsk0DucmdV+cBvNx2eW0T/Y46qQ=="
    }
  }
}
